
Microsoft Visual Studio Solution File, Format Version 12.00
# Visual Studio Version 17
VisualStudioVersion = 17.13.35828.75 d17.13
MinimumVisualStudioVersion = 10.0.40219.1
Project("{FAE04EC0-301F-11D3-BF4B-00C04F79EFBC}") = "Aula_02", "Aula_02\Aula_02.csproj", "{DDEB5B52-038C-4421-A258-13510AAB9650}"
EndProject
Global
	GlobalSection(SolutionConfigurationPlatforms) = preSolution
		Debug|Any CPU = Debug|Any CPU
		Release|Any CPU = Release|Any CPU
	EndGlobalSection
	GlobalSection(ProjectConfigurationPlatforms) = postSolution
		{DDEB5B52-038C-4421-A258-13510AAB9650}.Debug|Any CPU.ActiveCfg = Debug|Any CPU
		{DDEB5B52-038C-4421-A258-13510AAB9650}.Debug|Any CPU.Build.0 = Debug|Any CPU
		{DDEB5B52-038C-4421-A258-13510AAB9650}.Release|Any CPU.ActiveCfg = Release|Any CPU
		{DDEB5B52-038C-4421-A258-13510AAB9650}.Release|Any CPU.Build.0 = Release|Any CPU
	EndGlobalSection
	GlobalSection(SolutionProperties) = preSolution
		HideSolutionNode = FALSE
	EndGlobalSection
	GlobalSection(ExtensibilityGlobals) = postSolution
		SolutionGuid = {2C48CA33-89C4-4F3B-A407-771557FD2CC9}
	EndGlobalSection
EndGlobal
