
Microsoft Visual Studio Solution File, Format Version 12.00
# Visual Studio Version 17
VisualStudioVersion = 17.14.37012.4 d17.14
MinimumVisualStudioVersion = 10.0.40219.1
Project("{FAE04EC0-301F-11D3-BF4B-00C04F79EFBC}") = "Aula_03", "Aula_03\Aula_03.csproj", "{488D744E-AA08-4E63-9052-97E4A752AFDB}"
EndProject
Global
	GlobalSection(SolutionConfigurationPlatforms) = preSolution
		Debug|Any CPU = Debug|Any CPU
		Release|Any CPU = Release|Any CPU
	EndGlobalSection
	GlobalSection(ProjectConfigurationPlatforms) = postSolution
		{488D744E-AA08-4E63-9052-97E4A752AFDB}.Debug|Any CPU.ActiveCfg = Debug|Any CPU
		{488D744E-AA08-4E63-9052-97E4A752AFDB}.Debug|Any CPU.Build.0 = Debug|Any CPU
		{488D744E-AA08-4E63-9052-97E4A752AFDB}.Release|Any CPU.ActiveCfg = Release|Any CPU
		{488D744E-AA08-4E63-9052-97E4A752AFDB}.Release|Any CPU.Build.0 = Release|Any CPU
	EndGlobalSection
	GlobalSection(SolutionProperties) = preSolution
		HideSolutionNode = FALSE
	EndGlobalSection
	GlobalSection(ExtensibilityGlobals) = postSolution
		SolutionGuid = {2ECCEF96-84A6-4EAF-884E-36AF00A34ED0}
	EndGlobalSection
EndGlobal
